{
  "name": "redux-demo",
  "version": "0.1.0",
  "lockfileVersion": 1,
  "requires": true,
  "dependencies": {
    "@babel/runtime": {
      "version": "7.5.5",
      "resolved": "https://registry.npm.taobao.org/@babel/runtime/download/@babel/runtime-7.5.5.tgz?cache=0&sync_timestamp=1563398515522&other_urls=https%3A%2F%2Fregistry.npm.taobao.org%2F%40babel%2Fruntime%2Fdownload%2F%40babel%2Fruntime-7.5.5.tgz",
      "integrity": "sha1-dPulbTXvvspEQJHHhQzNSU/S8TI=",
      "requires": {
        "regenerator-runtime": "0.13.2"
      }
    },
    "@types/history": {
      "version": "4.7.2",
      "resolved": "https://registry.npm.taobao.org/@types/history/download/@types/history-4.7.2.tgz",
      "integrity": "sha1-DmcOolTVWSQbbus4lPh1SZHnMiA=",
      "dev": true
    },
    "@types/prop-types": {
      "version": "15.7.1",
      "resolved": "https://registry.npm.taobao.org/@types/prop-types/download/@types/prop-types-15.7.1.tgz",
      "integrity": "sha1-8aEee6uww8rWgQC+OB0eBkxo8fY=",
      "dev": true
    },
    "@types/react-router": {
      "version": "5.0.3",
      "resolved": "https://registry.npm.taobao.org/@types/react-router/download/@types/react-router-5.0.3.tgz",
      "integrity": "sha1-hVoWBuYt4/TWnqNPs8DlDpjpZNU=",
      "dev": true,
      "requires": {
        "@types/history": "4.7.2",
        "@types/react": "16.8.23"
      },
      "dependencies": {
        "@types/react": {
          "version": "16.8.23",
          "resolved": "https://registry.npm.taobao.org/@types/react/download/@types/react-16.8.23.tgz?cache=0&other_urls=https%3A%2F%2Fregistry.npm.taobao.org%2F%40types%2Freact%2Fdownload%2F%40types%2Freact-16.8.23.tgz",
          "integrity": "sha1-7Gvjzu1jU6IJSBabbLTJe2W5etI=",
          "dev": true,
          "requires": {
            "@types/prop-types": "15.7.1",
            "csstype": "2.6.6"
          }
        }
      }
    },
    "@types/react-router-dom": {
      "version": "4.3.4",
      "resolved": "https://registry.npm.taobao.org/@types/react-router-dom/download/@types/react-router-dom-4.3.4.tgz",
      "integrity": "sha1-Y6eoVYEp0vT/duS90Jm/S5jiWg0=",
      "dev": true,
      "requires": {
        "@types/history": "4.7.2",
        "@types/react": "16.8.23",
        "@types/react-router": "5.0.3"
      },
      "dependencies": {
        "@types/react": {
          "version": "16.8.23",
          "resolved": "https://registry.npm.taobao.org/@types/react/download/@types/react-16.8.23.tgz?cache=0&other_urls=https%3A%2F%2Fregistry.npm.taobao.org%2F%40types%2Freact%2Fdownload%2F%40types%2Freact-16.8.23.tgz",
          "integrity": "sha1-7Gvjzu1jU6IJSBabbLTJe2W5etI=",
          "dev": true,
          "requires": {
            "@types/prop-types": "15.7.1",
            "csstype": "2.6.6"
          }
        }
      }
    },
    "csstype": {
      "version": "2.6.6",
      "resolved": "https://registry.npm.taobao.org/csstype/download/csstype-2.6.6.tgz",
      "integrity": "sha1-w0+CJqlLuxDDLMDXFK/flCKR/EE=",
      "dev": true
    },
    "gud": {
      "version": "1.0.0",
      "resolved": "https://registry.npm.taobao.org/gud/download/gud-1.0.0.tgz",
      "integrity": "sha1-pIlYGxfmpwvsqavjrlfeekmYUsA="
    },
    "history": {
      "version": "4.9.0",
      "resolved": "https://registry.npm.taobao.org/history/download/history-4.9.0.tgz",
      "integrity": "sha1-hFh8IGgDnq2K92np1qaGChT6G8o=",
      "requires": {
        "@babel/runtime": "7.5.5",
        "loose-envify": "1.4.0",
        "resolve-pathname": "2.2.0",
        "tiny-invariant": "1.0.6",
        "tiny-warning": "1.0.3",
        "value-equal": "0.4.0"
      }
    },
    "hoist-non-react-statics": {
      "version": "3.3.0",
      "resolved": "https://registry.npm.taobao.org/hoist-non-react-statics/download/hoist-non-react-statics-3.3.0.tgz",
      "integrity": "sha1-sJF48BIhhPuVrPUl2q7LTY9FlYs=",
      "requires": {
        "react-is": "16.8.6"
      }
    },
    "isarray": {
      "version": "0.0.1",
      "resolved": "https://registry.npm.taobao.org/isarray/download/isarray-0.0.1.tgz?cache=0&sync_timestamp=1562592096220&other_urls=https%3A%2F%2Fregistry.npm.taobao.org%2Fisarray%2Fdownload%2Fisarray-0.0.1.tgz",
      "integrity": "sha1-ihis/Kmo9Bd+Cav8YDiTmwXR7t8="
    },
    "js-tokens": {
      "version": "4.0.0",
      "resolved": "https://registry.npm.taobao.org/js-tokens/download/js-tokens-4.0.0.tgz",
      "integrity": "sha1-GSA/tZmR35jjoocFDUZHzerzJJk="
    },
    "loose-envify": {
      "version": "1.4.0",
      "resolved": "https://registry.npm.taobao.org/loose-envify/download/loose-envify-1.4.0.tgz",
      "integrity": "sha1-ce5R+nvkyuwaY4OffmgtgTLTDK8=",
      "requires": {
        "js-tokens": "4.0.0"
      }
    },
    "mini-create-react-context": {
      "version": "0.3.2",
      "resolved": "https://registry.npm.taobao.org/mini-create-react-context/download/mini-create-react-context-0.3.2.tgz",
      "integrity": "sha1-efxZjyg91iPajgiLBduM3aslAYk=",
      "requires": {
        "@babel/runtime": "7.5.5",
        "gud": "1.0.0",
        "tiny-warning": "1.0.3"
      }
    },
    "object-assign": {
      "version": "4.1.1",
      "resolved": "https://registry.npm.taobao.org/object-assign/download/object-assign-4.1.1.tgz",
      "integrity": "sha1-IQmtx5ZYh8/AXLvUQsrIv7s2CGM="
    },
    "path-to-regexp": {
      "version": "1.7.0",
      "resolved": "https://registry.npm.taobao.org/path-to-regexp/download/path-to-regexp-1.7.0.tgz",
      "integrity": "sha1-Wf3g9DW62suhA6hOnTvGTpa5k30=",
      "requires": {
        "isarray": "0.0.1"
      }
    },
    "prop-types": {
      "version": "15.7.2",
      "resolved": "https://registry.npm.taobao.org/prop-types/download/prop-types-15.7.2.tgz?cache=0&other_urls=https%3A%2F%2Fregistry.npm.taobao.org%2Fprop-types%2Fdownload%2Fprop-types-15.7.2.tgz",
      "integrity": "sha1-UsQedbjIfnK52TYOAga5ncv/psU=",
      "requires": {
        "loose-envify": "1.4.0",
        "object-assign": "4.1.1",
        "react-is": "16.8.6"
      }
    },
    "react-is": {
      "version": "16.8.6",
      "resolved": "https://registry.npm.taobao.org/react-is/download/react-is-16.8.6.tgz",
      "integrity": "sha1-W7weLSkUHJ+9/tRWND/ivEMKahY="
    },
    "react-router": {
      "version": "5.0.1",
      "resolved": "https://registry.npm.taobao.org/react-router/download/react-router-5.0.1.tgz?cache=0&sync_timestamp=1561558326765&other_urls=https%3A%2F%2Fregistry.npm.taobao.org%2Freact-router%2Fdownload%2Freact-router-5.0.1.tgz",
      "integrity": "sha1-BO533x0atsuJOfnwGtVwLbrbiw8=",
      "requires": {
        "@babel/runtime": "7.5.5",
        "history": "4.9.0",
        "hoist-non-react-statics": "3.3.0",
        "loose-envify": "1.4.0",
        "mini-create-react-context": "0.3.2",
        "path-to-regexp": "1.7.0",
        "prop-types": "15.7.2",
        "react-is": "16.8.6",
        "tiny-invariant": "1.0.6",
        "tiny-warning": "1.0.3"
      }
    },
    "react-router-dom": {
      "version": "5.0.1",
      "resolved": "https://registry.npm.taobao.org/react-router-dom/download/react-router-dom-5.0.1.tgz",
      "integrity": "sha1-7mb0pdGLYInDYZWORDSJ1rq3FL4=",
      "requires": {
        "@babel/runtime": "7.5.5",
        "history": "4.9.0",
        "loose-envify": "1.4.0",
        "prop-types": "15.7.2",
        "react-router": "5.0.1",
        "tiny-invariant": "1.0.6",
        "tiny-warning": "1.0.3"
      }
    },
    "regenerator-runtime": {
      "version": "0.13.2",
      "resolved": "https://registry.npm.taobao.org/regenerator-runtime/download/regenerator-runtime-0.13.2.tgz",
      "integrity": "sha1-MuWcmm+5saSv8JtJMMotRHc0NEc="
    },
    "resolve-pathname": {
      "version": "2.2.0",
      "resolved": "https://registry.npm.taobao.org/resolve-pathname/download/resolve-pathname-2.2.0.tgz",
      "integrity": "sha1-fpriHtgV/WOrGJre7mTcgx7vqHk="
    },
    "tiny-invariant": {
      "version": "1.0.6",
      "resolved": "https://registry.npm.taobao.org/tiny-invariant/download/tiny-invariant-1.0.6.tgz",
      "integrity": "sha1-s/mziDXjakHIQ6OwkHpaezdV3nM="
    },
    "tiny-warning": {
      "version": "1.0.3",
      "resolved": "https://registry.npm.taobao.org/tiny-warning/download/tiny-warning-1.0.3.tgz?cache=0&sync_timestamp=1562634862962&other_urls=https%3A%2F%2Fregistry.npm.taobao.org%2Ftiny-warning%2Fdownload%2Ftiny-warning-1.0.3.tgz",
      "integrity": "sha1-lKMNtFPfTGQ9D9VmBg1gqHXYR1Q="
    },
    "value-equal": {
      "version": "0.4.0",
      "resolved": "https://registry.npm.taobao.org/value-equal/download/value-equal-0.4.0.tgz",
      "integrity": "sha1-xb3S9U7gk8BIOdcc4uR1imiQq8c="
    }
  }
}
